
Microsoft Visual Studio Solution File, Format Version 12.00
# Visual Studio Version 17
VisualStudioVersion = 17.14.36327.8 d17.14
MinimumVisualStudioVersion = 10.0.40219.1
Project("{FAE04EC0-301F-11D3-BF4B-00C04F79EFBC}") = "TriangleTypeIdentifier", "TriangleTypeIdentifier\TriangleTypeIdentifier.csproj", "{0C87027D-12F7-49F3-80F8-43AEC856D9B3}"
EndProject
Global
	GlobalSection(SolutionConfigurationPlatforms) = preSolution
		Debug|Any CPU = Debug|Any CPU
		Release|Any CPU = Release|Any CPU
	EndGlobalSection
	GlobalSection(ProjectConfigurationPlatforms) = postSolution
		{0C87027D-12F7-49F3-80F8-43AEC856D9B3}.Debug|Any CPU.ActiveCfg = Debug|Any CPU
		{0C87027D-12F7-49F3-80F8-43AEC856D9B3}.Debug|Any CPU.Build.0 = Debug|Any CPU
		{0C87027D-12F7-49F3-80F8-43AEC856D9B3}.Release|Any CPU.ActiveCfg = Release|Any CPU
		{0C87027D-12F7-49F3-80F8-43AEC856D9B3}.Release|Any CPU.Build.0 = Release|Any CPU
	EndGlobalSection
	GlobalSection(SolutionProperties) = preSolution
		HideSolutionNode = FALSE
	EndGlobalSection
	GlobalSection(ExtensibilityGlobals) = postSolution
		SolutionGuid = {6DA6B817-E7C3-4CB6-B8F4-B3245F29BFD8}
	EndGlobalSection
EndGlobal
